
Microsoft Visual Studio Solution File, Format Version 12.00
# Visual Studio Version 17
VisualStudioVersion = 17.14.36202.13
MinimumVisualStudioVersion = 10.0.40219.1
Project("{2150E333-8FDC-42A3-9474-1A3956D46DE8}") = "services", "services", "{02EA681E-C7D8-13C7-8484-4AC65E1B71E8}"
EndProject
Project("{2150E333-8FDC-42A3-9474-1A3956D46DE8}") = "gateway", "gateway", "{8266BB71-D025-4572-87C1-054A959ED6FE}"
EndProject
Project("{2150E333-8FDC-42A3-9474-1A3956D46DE8}") = "building-blocks", "building-blocks", "{2749D024-BB0E-4393-89C4-223A53ECC908}"
EndProject
Project("{2150E333-8FDC-42A3-9474-1A3956D46DE8}") = "deploy", "deploy", "{7FBED516-51DA-4E2A-8B88-8078CFAE9A0E}"
EndProject
Project("{2150E333-8FDC-42A3-9474-1A3956D46DE8}") = "common", "common", "{A71684C1-A63A-4DBF-B4CD-C3FC773B6EF9}"
EndProject
Project("{2150E333-8FDC-42A3-9474-1A3956D46DE8}") = "contracts", "contracts", "{27AC389F-3102-46FD-BC32-94C1295F5DAD}"
EndProject
Project("{2150E333-8FDC-42A3-9474-1A3956D46DE8}") = "AccountService", "AccountService", "{9893F120-EBC1-46B9-B8EC-BB61397EBD78}"
EndProject
Project("{2150E333-8FDC-42A3-9474-1A3956D46DE8}") = "FitnessService", "FitnessService", "{F5FF224D-E32C-4C82-BB44-F934C6513F7D}"
EndProject
Project("{2150E333-8FDC-42A3-9474-1A3956D46DE8}") = "AIService", "AIService", "{4245517C-98B9-4425-B598-C7B1C45393D5}"
EndProject
Project("{FAE04EC0-301F-11D3-BF4B-00C04F79EFBC}") = "FitnessService.API", "services\FitnessService\FitnessService.API\FitnessService.API.csproj", "{DC0B8EC6-7A02-F05C-5C63-55984E540DD0}"
EndProject
Project("{FAE04EC0-301F-11D3-BF4B-00C04F79EFBC}") = "FitnessService.Repository", "services\FitnessService\FitnessService.Repository\FitnessService.Repository.csproj", "{C3701B04-42A0-565C-95E8-DC3157B81FE2}"
EndProject
Project("{FAE04EC0-301F-11D3-BF4B-00C04F79EFBC}") = "FitnessService.Service", "services\FitnessService\FitnessService.Service\FitnessService.Service.csproj", "{5E5F7619-3A66-F65F-30D6-3494D9B56D8C}"
EndProject
Project("{FAE04EC0-301F-11D3-BF4B-00C04F79EFBC}") = "AccountService.API", "services\AccountService\AccountService.API\AccountService.API.csproj", "{EEA3A368-AEDC-1847-53D6-AC14A9C766A0}"
EndProject
Project("{FAE04EC0-301F-11D3-BF4B-00C04F79EFBC}") = "AccountService.Repository", "services\AccountService\AccountService.Repository\AccountService.Repository.csproj", "{54F1042E-E20B-FB5B-66DF-C893FF29044E}"
EndProject
Project("{FAE04EC0-301F-11D3-BF4B-00C04F79EFBC}") = "AccountService.Service", "services\AccountService\AccountService.Service\AccountService.Service.csproj", "{B975FD9F-B06E-5217-7882-2E424DD94A06}"
EndProject
Project("{FAE04EC0-301F-11D3-BF4B-00C04F79EFBC}") = "Gateway.API", "gateway\Gateway.API\Gateway.API.csproj", "{45FF5A82-1E95-9DBF-4A6B-852FC6674608}"
EndProject
Global
	GlobalSection(SolutionConfigurationPlatforms) = preSolution
		Debug|Any CPU = Debug|Any CPU
		Release|Any CPU = Release|Any CPU
	EndGlobalSection
	GlobalSection(ProjectConfigurationPlatforms) = postSolution
		{DC0B8EC6-7A02-F05C-5C63-55984E540DD0}.Debug|Any CPU.ActiveCfg = Debug|Any CPU
		{DC0B8EC6-7A02-F05C-5C63-55984E540DD0}.Debug|Any CPU.Build.0 = Debug|Any CPU
		{DC0B8EC6-7A02-F05C-5C63-55984E540DD0}.Release|Any CPU.ActiveCfg = Release|Any CPU
		{DC0B8EC6-7A02-F05C-5C63-55984E540DD0}.Release|Any CPU.Build.0 = Release|Any CPU
		{C3701B04-42A0-565C-95E8-DC3157B81FE2}.Debug|Any CPU.ActiveCfg = Debug|Any CPU
		{C3701B04-42A0-565C-95E8-DC3157B81FE2}.Debug|Any CPU.Build.0 = Debug|Any CPU
		{C3701B04-42A0-565C-95E8-DC3157B81FE2}.Release|Any CPU.ActiveCfg = Release|Any CPU
		{C3701B04-42A0-565C-95E8-DC3157B81FE2}.Release|Any CPU.Build.0 = Release|Any CPU
		{5E5F7619-3A66-F65F-30D6-3494D9B56D8C}.Debug|Any CPU.ActiveCfg = Debug|Any CPU
		{5E5F7619-3A66-F65F-30D6-3494D9B56D8C}.Debug|Any CPU.Build.0 = Debug|Any CPU
		{5E5F7619-3A66-F65F-30D6-3494D9B56D8C}.Release|Any CPU.ActiveCfg = Release|Any CPU
		{5E5F7619-3A66-F65F-30D6-3494D9B56D8C}.Release|Any CPU.Build.0 = Release|Any CPU
		{EEA3A368-AEDC-1847-53D6-AC14A9C766A0}.Debug|Any CPU.ActiveCfg = Debug|Any CPU
		{EEA3A368-AEDC-1847-53D6-AC14A9C766A0}.Debug|Any CPU.Build.0 = Debug|Any CPU
		{EEA3A368-AEDC-1847-53D6-AC14A9C766A0}.Release|Any CPU.ActiveCfg = Release|Any CPU
		{EEA3A368-AEDC-1847-53D6-AC14A9C766A0}.Release|Any CPU.Build.0 = Release|Any CPU
		{54F1042E-E20B-FB5B-66DF-C893FF29044E}.Debug|Any CPU.ActiveCfg = Debug|Any CPU
		{54F1042E-E20B-FB5B-66DF-C893FF29044E}.Debug|Any CPU.Build.0 = Debug|Any CPU
		{54F1042E-E20B-FB5B-66DF-C893FF29044E}.Release|Any CPU.ActiveCfg = Release|Any CPU
		{54F1042E-E20B-FB5B-66DF-C893FF29044E}.Release|Any CPU.Build.0 = Release|Any CPU
		{B975FD9F-B06E-5217-7882-2E424DD94A06}.Debug|Any CPU.ActiveCfg = Debug|Any CPU
		{B975FD9F-B06E-5217-7882-2E424DD94A06}.Debug|Any CPU.Build.0 = Debug|Any CPU
		{B975FD9F-B06E-5217-7882-2E424DD94A06}.Release|Any CPU.ActiveCfg = Release|Any CPU
		{B975FD9F-B06E-5217-7882-2E424DD94A06}.Release|Any CPU.Build.0 = Release|Any CPU
		{45FF5A82-1E95-9DBF-4A6B-852FC6674608}.Debug|Any CPU.ActiveCfg = Debug|Any CPU
		{45FF5A82-1E95-9DBF-4A6B-852FC6674608}.Debug|Any CPU.Build.0 = Debug|Any CPU
		{45FF5A82-1E95-9DBF-4A6B-852FC6674608}.Release|Any CPU.ActiveCfg = Release|Any CPU
		{45FF5A82-1E95-9DBF-4A6B-852FC6674608}.Release|Any CPU.Build.0 = Release|Any CPU
	EndGlobalSection
	GlobalSection(SolutionProperties) = preSolution
		HideSolutionNode = FALSE
	EndGlobalSection
	GlobalSection(NestedProjects) = preSolution
		{A71684C1-A63A-4DBF-B4CD-C3FC773B6EF9} = {2749D024-BB0E-4393-89C4-223A53ECC908}
		{27AC389F-3102-46FD-BC32-94C1295F5DAD} = {2749D024-BB0E-4393-89C4-223A53ECC908}
		{9893F120-EBC1-46B9-B8EC-BB61397EBD78} = {02EA681E-C7D8-13C7-8484-4AC65E1B71E8}
		{F5FF224D-E32C-4C82-BB44-F934C6513F7D} = {02EA681E-C7D8-13C7-8484-4AC65E1B71E8}
		{4245517C-98B9-4425-B598-C7B1C45393D5} = {02EA681E-C7D8-13C7-8484-4AC65E1B71E8}
		{DC0B8EC6-7A02-F05C-5C63-55984E540DD0} = {F5FF224D-E32C-4C82-BB44-F934C6513F7D}
		{C3701B04-42A0-565C-95E8-DC3157B81FE2} = {F5FF224D-E32C-4C82-BB44-F934C6513F7D}
		{5E5F7619-3A66-F65F-30D6-3494D9B56D8C} = {F5FF224D-E32C-4C82-BB44-F934C6513F7D}
		{EEA3A368-AEDC-1847-53D6-AC14A9C766A0} = {9893F120-EBC1-46B9-B8EC-BB61397EBD78}
		{54F1042E-E20B-FB5B-66DF-C893FF29044E} = {9893F120-EBC1-46B9-B8EC-BB61397EBD78}
		{B975FD9F-B06E-5217-7882-2E424DD94A06} = {9893F120-EBC1-46B9-B8EC-BB61397EBD78}
		{45FF5A82-1E95-9DBF-4A6B-852FC6674608} = {8266BB71-D025-4572-87C1-054A959ED6FE}
	EndGlobalSection
	GlobalSection(ExtensibilityGlobals) = postSolution
		SolutionGuid = {B270E443-9EBC-419A-870D-19EF66706294}
	EndGlobalSection
EndGlobal
